
Microsoft Visual Studio Solution File, Format Version 12.00
# Visual Studio Version 17
VisualStudioVersion = 17.5.33530.505
MinimumVisualStudioVersion = 10.0.40219.1
Project("{8BC9CEB8-8B4A-11D0-8D11-00A0C91BC942}") = "3week", "3week\3week.vcxproj", "{EA71D80C-F547-4427-A0C7-51335D7F5622}"
EndProject
Global
	GlobalSection(SolutionConfigurationPlatforms) = preSolution
		Debug|x64 = Debug|x64
		Debug|x86 = Debug|x86
		Release|x64 = Release|x64
		Release|x86 = Release|x86
	EndGlobalSection
	GlobalSection(ProjectConfigurationPlatforms) = postSolution
		{EA71D80C-F547-4427-A0C7-51335D7F5622}.Debug|x64.ActiveCfg = Debug|x64
		{EA71D80C-F547-4427-A0C7-51335D7F5622}.Debug|x64.Build.0 = Debug|x64
		{EA71D80C-F547-4427-A0C7-51335D7F5622}.Debug|x86.ActiveCfg = Debug|Win32
		{EA71D80C-F547-4427-A0C7-51335D7F5622}.Debug|x86.Build.0 = Debug|Win32
		{EA71D80C-F547-4427-A0C7-51335D7F5622}.Release|x64.ActiveCfg = Release|x64
		{EA71D80C-F547-4427-A0C7-51335D7F5622}.Release|x64.Build.0 = Release|x64
		{EA71D80C-F547-4427-A0C7-51335D7F5622}.Release|x86.ActiveCfg = Release|Win32
		{EA71D80C-F547-4427-A0C7-51335D7F5622}.Release|x86.Build.0 = Release|Win32
	EndGlobalSection
	GlobalSection(SolutionProperties) = preSolution
		HideSolutionNode = FALSE
	EndGlobalSection
	GlobalSection(ExtensibilityGlobals) = postSolution
		SolutionGuid = {4F776567-6A53-40FB-B823-225CB803C0B7}
	EndGlobalSection
EndGlobal
